PODS:
  - NextcloudConfig (0.1.0)
  - SwiftLint (0.39.1)

DEPENDENCIES:
  - NextcloudConfig (from `../`)
  - SwiftLint

SPEC REPOS:
  trunk:
    - SwiftLint

EXTERNAL SOURCES:
  NextcloudConfig:
    :path: "../"

SPEC CHECKSUMS:
  NextcloudConfig: e11031fc7e75d380be70cafc9511b47f399c9032
  SwiftLint: 55e96a4a4d537d4a3156859fc1c54bd24851a046

PODFILE CHECKSUM: d5360c17d86853c69c469b8a0540d0e472ddc5cf

COCOAPODS: 1.9.1
